// !$*UTF8*$!
{
	archiveVersion = 1;
	classes = {
	};
	objectVersion = 50;
	objects = {

/* Begin PBXBuildFile section */
		3DB9FC9D272009D2003E5520 /* AppDelegate.swift in Sources */ = {isa = PBXBuildFile; fileRef = 3DB9FC9C272009D2003E5520 /* AppDelegate.swift */; };
		3DB9FC9F272009D2003E5520 /* SceneDelegate.swift in Sources */ = {isa = PBXBuildFile; fileRef = 3DB9FC9E272009D2003E5520 /* SceneDelegate.swift */; };
		3DB9FCA1272009D2003E5520 /* ViewController.swift in Sources */ = {isa = PBXBuildFile; fileRef = 3DB9FCA0272009D2003E5520 /* ViewController.swift */; };
		3DB9FCA4272009D2003E5520 /* Main.storyboard in Resources */ = {isa = PBXBuildFile; fileRef = 3DB9FCA2272009D2003E5520 /* Main.storyboard */; };
		3DB9FCA6272009D6003E5520 /* Assets.xcassets in Resources */ = {isa = PBXBuildFile; fileRef = 3DB9FCA5272009D6003E5520 /* Assets.xcassets */; };
		3DB9FCA9272009D6003E5520 /* LaunchScreen.storyboard in Resources */ = {isa = PBXBuildFile; fileRef = 3DB9FCA7272009D6003E5520 /* LaunchScreen.storyboard */; };
		3DB9FCB4272009D6003E5520 /* BatteryLevelTests.swift in Sources */ = {isa = PBXBuildFile; fileRef = 3DB9FCB3272009D6003E5520 /* BatteryLevelTests.swift */; };
		3DB9FCBF272009D6003E5520 /* BatteryLevelUITests.swift in Sources */ = {isa = PBXBuildFile; fileRef = 3DB9FCBE272009D6003E5520 /* BatteryLevelUITests.swift */; };
		3DB9FCCF272009F1003E5520 /* BatteryLevelView.swift in Sources */ = {isa = PBXBuildFile; fileRef = 3DB9FCCC272009F1003E5520 /* BatteryLevelView.swift */; };
		3DB9FCD0272009F1003E5520 /* Exts.swift in Sources */ = {isa = PBXBuildFile; fileRef = 3DB9FCCD272009F1003E5520 /* Exts.swift */; };
		3DB9FCD1272009F1003E5520 /* BatteryLevelLayer.swift in Sources */ = {isa = PBXBuildFile; fileRef = 3DB9FCCE272009F1003E5520 /* BatteryLevelLayer.swift */; };
/* End PBXBuildFile section */

/* Begin PBXContainerItemProxy section */
		3DB9FCB0272009D6003E5520 /* PBXContainerItemProxy */ = {
			isa = PBXContainerItemProxy;
			containerPortal = 3DB9FC91272009D2003E5520 /* Project object */;
			proxyType = 1;
			remoteGlobalIDString = 3DB9FC98272009D2003E5520;
			remoteInfo = BatteryLevel;
		};
		3DB9FCBB272009D6003E5520 /* PBXContainerItemProxy */ = {
			isa = PBXContainerItemProxy;
			containerPortal = 3DB9FC91272009D2003E5520 /* Project object */;
			proxyType = 1;
			remoteGlobalIDString = 3DB9FC98272009D2003E5520;
			remoteInfo = BatteryLevel;
		};
/* End PBXContainerItemProxy section */

/* Begin PBXFileReference section */
		3DB9FC99272009D2003E5520 /* BatteryLevel.app */ = {isa = PBXFileReference; explicitFileType = wrapper.application; includeInIndex = 0; path = BatteryLevel.app; sourceTree = BUILT_PRODUCTS_DIR; };
		3DB9FC9C272009D2003E5520 /* AppDelegate.swift */ = {isa = PBXFileReference; lastKnownFileType = sourcecode.swift; path = AppDelegate.swift; sourceTree = "<group>"; };
		3DB9FC9E272009D2003E5520 /* SceneDelegate.swift */ = {isa = PBXFileReference; lastKnownFileType = sourcecode.swift; path = SceneDelegate.swift; sourceTree = "<group>"; };
		3DB9FCA0272009D2003E5520 /* ViewController.swift */ = {isa = PBXFileReference; lastKnownFileType = sourcecode.swift; path = ViewController.swift; sourceTree = "<group>"; };
		3DB9FCA3272009D2003E5520 /* Base */ = {isa = PBXFileReference; lastKnownFileType = file.storyboard; name = Base; path = Base.lproj/Main.storyboard; sourceTree = "<group>"; };
		3DB9FCA5272009D6003E5520 /* Assets.xcassets */ = {isa = PBXFileReference; lastKnownFileType = folder.assetcatalog; path = Assets.xcassets; sourceTree = "<group>"; };
		3DB9FCA8272009D6003E5520 /* Base */ = {isa = PBXFileReference; lastKnownFileType = file.storyboard; name = Base; path = Base.lproj/LaunchScreen.storyboard; sourceTree = "<group>"; };
		3DB9FCAA272009D6003E5520 /* Info.plist */ = {isa = PBXFileReference; lastKnownFileType = text.plist.xml; path = Info.plist; sourceTree = "<group>"; };
		3DB9FCAF272009D6003E5520 /* BatteryLevelTests.xctest */ = {isa = PBXFileReference; explicitFileType = wrapper.cfbundle; includeInIndex = 0; path = BatteryLevelTests.xctest; sourceTree = BUILT_PRODUCTS_DIR; };
		3DB9FCB3272009D6003E5520 /* BatteryLevelTests.swift */ = {isa = PBXFileReference; lastKnownFileType = sourcecode.swift; path = BatteryLevelTests.swift; sourceTree = "<group>"; };
		3DB9FCB5272009D6003E5520 /* Info.plist */ = {isa = PBXFileReference; lastKnownFileType = text.plist.xml; path = Info.plist; sourceTree = "<group>"; };
		3DB9FCBA272009D6003E5520 /* BatteryLevelUITests.xctest */ = {isa = PBXFileReference; explicitFileType = wrapper.cfbundle; includeInIndex = 0; path = BatteryLevelUITests.xctest; sourceTree = BUILT_PRODUCTS_DIR; };
		3DB9FCBE272009D6003E5520 /* BatteryLevelUITests.swift */ = {isa = PBXFileReference; lastKnownFileType = sourcecode.swift; path = BatteryLevelUITests.swift; sourceTree = "<group>"; };
		3DB9FCC0272009D6003E5520 /* Info.plist */ = {isa = PBXFileReference; lastKnownFileType = text.plist.xml; path = Info.plist; sourceTree = "<group>"; };
		3DB9FCCC272009F1003E5520 /* BatteryLevelView.swift */ = {isa = PBXFileReference; fileEncoding = 4; lastKnownFileType = sourcecode.swift; path = BatteryLevelView.swift; sourceTree = "<group>"; };
		3DB9FCCD272009F1003E5520 /* Exts.swift */ = {isa = PBXFileReference; fileEncoding = 4; lastKnownFileType = sourcecode.swift; path = Exts.swift; sourceTree = "<group>"; };
		3DB9FCCE272009F1003E5520 /* BatteryLevelLayer.swift */ = {isa = PBXFileReference; fileEncoding = 4; lastKnownFileType = sourcecode.swift; path = BatteryLevelLayer.swift; sourceTree = "<group>"; };
/* End PBXFileReference section */

/* Begin PBXFrameworksBuildPhase section */
		3DB9FC96272009D2003E5520 /* Frameworks */ = {
			isa = PBXFrameworksBuildPhase;
			buildActionMask = 2147483647;
			files = (
			);
			runOnlyForDeploymentPostprocessing = 0;
		};
		3DB9FCAC272009D6003E5520 /* Frameworks */ = {
			isa = PBXFrameworksBuildPhase;
			buildActionMask = 2147483647;
			files = (
			);
			runOnlyForDeploymentPostprocessing = 0;
		};
		3DB9FCB7272009D6003E5520 /* Frameworks */ = {
			isa = PBXFrameworksBuildPhase;
			buildActionMask = 2147483647;
			files = (
			);
			runOnlyForDeploymentPostprocessing = 0;
		};
/* End PBXFrameworksBuildPhase section */

/* Begin PBXGroup section */
		3DB9FC90272009D2003E5520 = {
			isa = PBXGroup;
			children = (
				3DB9FC9B272009D2003E5520 /* BatteryLevel */,
				3DB9FCB2272009D6003E5520 /* BatteryLevelTests */,
				3DB9FCBD272009D6003E5520 /* BatteryLevelUITests */,
				3DB9FC9A272009D2003E5520 /* Products */,
			);
			sourceTree = "<group>";
		};
		3DB9FC9A272009D2003E5520 /* Products */ = {
			isa = PBXGroup;
			children = (
				3DB9FC99272009D2003E5520 /* BatteryLevel.app */,
				3DB9FCAF272009D6003E5520 /* BatteryLevelTests.xctest */,
				3DB9FCBA272009D6003E5520 /* BatteryLevelUITests.xctest */,
			);
			name = Products;
			sourceTree = "<group>";
		};
		3DB9FC9B272009D2003E5520 /* BatteryLevel */ = {
			isa = PBXGroup;
			children = (
				3DB9FC9C272009D2003E5520 /* AppDelegate.swift */,
				3DB9FC9E272009D2003E5520 /* SceneDelegate.swift */,
				3DB9FCA0272009D2003E5520 /* ViewController.swift */,
				3DB9FCA2272009D2003E5520 /* Main.storyboard */,
				3DB9FCA5272009D6003E5520 /* Assets.xcassets */,
				3DB9FCA7272009D6003E5520 /* LaunchScreen.storyboard */,
				3DB9FCAA272009D6003E5520 /* Info.plist */,
				3DB9FCCE272009F1003E5520 /* BatteryLevelLayer.swift */,
				3DB9FCCC272009F1003E5520 /* BatteryLevelView.swift */,
				3DB9FCCD272009F1003E5520 /* Exts.swift */,
			);
			path = BatteryLevel;
			sourceTree = "<group>";
		};
		3DB9FCB2272009D6003E5520 /* BatteryLevelTests */ = {
			isa = PBXGroup;
			children = (
				3DB9FCB3272009D6003E5520 /* BatteryLevelTests.swift */,
				3DB9FCB5272009D6003E5520 /* Info.plist */,
			);
			path = BatteryLevelTests;
			sourceTree = "<group>";
		};
		3DB9FCBD272009D6003E5520 /* BatteryLevelUITests */ = {
			isa = PBXGroup;
			children = (
				3DB9FCBE272009D6003E5520 /* BatteryLevelUITests.swift */,
				3DB9FCC0272009D6003E5520 /* Info.plist */,
			);
			path = BatteryLevelUITests;
			sourceTree = "<group>";
		};
/* End PBXGroup section */

/* Begin PBXNativeTarget section */
		3DB9FC98272009D2003E5520 /* BatteryLevel */ = {
			isa = PBXNativeTarget;
			buildConfigurationList = 3DB9FCC3272009D6003E5520 /* Build configuration list for PBXNativeTarget "BatteryLevel" */;
			buildPhases = (
				3DB9FC95272009D2003E5520 /* Sources */,
				3DB9FC96272009D2003E5520 /* Frameworks */,
				3DB9FC97272009D2003E5520 /* Resources */,
			);
			buildRules = (
			);
			dependencies = (
			);
			name = BatteryLevel;
			productName = BatteryLevel;
			productReference = 3DB9FC99272009D2003E5520 /* BatteryLevel.app */;
			productType = "com.apple.product-type.application";
		};
		3DB9FCAE272009D6003E5520 /* BatteryLevelTests */ = {
			isa = PBXNativeTarget;
			buildConfigurationList = 3DB9FCC6272009D6003E5520 /* Build configuration list for PBXNativeTarget "BatteryLevelTests" */;
			buildPhases = (
				3DB9FCAB272009D6003E5520 /* Sources */,
				3DB9FCAC272009D6003E5520 /* Frameworks */,
				3DB9FCAD272009D6003E5520 /* Resources */,
			);
			buildRules = (
			);
			dependencies = (
				3DB9FCB1272009D6003E5520 /* PBXTargetDependency */,
			);
			name = BatteryLevelTests;
			productName = BatteryLevelTests;
			productReference = 3DB9FCAF272009D6003E5520 /* BatteryLevelTests.xctest */;
			productType = "com.apple.product-type.bundle.unit-test";
		};
		3DB9FCB9272009D6003E5520 /* BatteryLevelUITests */ = {
			isa = PBXNativeTarget;
			buildConfigurationList = 3DB9FCC9272009D6003E5520 /* Build configuration list for PBXNativeTarget "BatteryLevelUITests" */;
			buildPhases = (
				3DB9FCB6272009D6003E5520 /* Sources */,
				3DB9FCB7272009D6003E5520 /* Frameworks */,
				3DB9FCB8272009D6003E5520 /* Resources */,
			);
			buildRules = (
			);
			dependencies = (
				3DB9FCBC272009D6003E5520 /* PBXTargetDependency */,
			);
			name = BatteryLevelUITests;
			productName = BatteryLevelUITests;
			productReference = 3DB9FCBA272009D6003E5520 /* BatteryLevelUITests.xctest */;
			productType = "com.apple.product-type.bundle.ui-testing";
		};
/* End PBXNativeTarget section */

/* Begin PBXProject section */
		3DB9FC91272009D2003E5520 /* Project object */ = {
			isa = PBXProject;
			attributes = {
				LastSwiftUpdateCheck = 1250;
				LastUpgradeCheck = 1250;
				TargetAttributes = {
					3DB9FC98272009D2003E5520 = {
						CreatedOnToolsVersion = 12.5;
					};
					3DB9FCAE272009D6003E5520 = {
						CreatedOnToolsVersion = 12.5;
						TestTargetID = 3DB9FC98272009D2003E5520;
					};
					3DB9FCB9272009D6003E5520 = {
						CreatedOnToolsVersion = 12.5;
						TestTargetID = 3DB9FC98272009D2003E5520;
					};
				};
			};
			buildConfigurationList = 3DB9FC94272009D2003E5520 /* Build configuration list for PBXProject "BatteryLevel" */;
			compatibilityVersion = "Xcode 9.3";
			developmentRegion = en;
			hasScannedForEncodings = 0;
			knownRegions = (
				en,
				Base,
			);
			mainGroup = 3DB9FC90272009D2003E5520;
			productRefGroup = 3DB9FC9A272009D2003E5520 /* Products */;
			projectDirPath = "";
			projectRoot = "";
			targets = (
				3DB9FC98272009D2003E5520 /* BatteryLevel */,
				3DB9FCAE272009D6003E5520 /* BatteryLevelTests */,
				3DB9FCB9272009D6003E5520 /* BatteryLevelUITests */,
			);
		};
/* End PBXProject section */

/* Begin PBXResourcesBuildPhase section */
		3DB9FC97272009D2003E5520 /* Resources */ = {
			isa = PBXResourcesBuildPhase;
			buildActionMask = 2147483647;
			files = (
				3DB9FCA9272009D6003E5520 /* LaunchScreen.storyboard in Resources */,
				3DB9FCA6272009D6003E5520 /* Assets.xcassets in Resources */,
				3DB9FCA4272009D2003E5520 /* Main.storyboard in Resources */,
			);
			runOnlyForDeploymentPostprocessing = 0;
		};
		3DB9FCAD272009D6003E5520 /* Resources */ = {
			isa = PBXResourcesBuildPhase;
			buildActionMask = 2147483647;
			files = (
			);
			runOnlyForDeploymentPostprocessing = 0;
		};
		3DB9FCB8272009D6003E5520 /* Resources */ = {
			isa = PBXResourcesBuildPhase;
			buildActionMask = 2147483647;
			files = (
			);
			runOnlyForDeploymentPostprocessing = 0;
		};
/* End PBXResourcesBuildPhase section */

/* Begin PBXSourcesBuildPhase section */
		3DB9FC95272009D2003E5520 /* Sources */ = {
			isa = PBXSourcesBuildPhase;
			buildActionMask = 2147483647;
			files = (
				3DB9FCD1272009F1003E5520 /* BatteryLevelLayer.swift in Sources */,
				3DB9FCD0272009F1003E5520 /* Exts.swift in Sources */,
				3DB9FCA1272009D2003E5520 /* ViewController.swift in Sources */,
				3DB9FC9D272009D2003E5520 /* AppDelegate.swift in Sources */,
				3DB9FC9F272009D2003E5520 /* SceneDelegate.swift in Sources */,
				3DB9FCCF272009F1003E5520 /* BatteryLevelView.swift in Sources */,
			);
			runOnlyForDeploymentPostprocessing = 0;
		};
		3DB9FCAB272009D6003E5520 /* Sources */ = {
			isa = PBXSourcesBuildPhase;
			buildActionMask = 2147483647;
			files = (
				3DB9FCB4272009D6003E5520 /* BatteryLevelTests.swift in Sources */,
			);
			runOnlyForDeploymentPostprocessing = 0;
		};
		3DB9FCB6272009D6003E5520 /* Sources */ = {
			isa = PBXSourcesBuildPhase;
			buildActionMask = 2147483647;
			files = (
				3DB9FCBF272009D6003E5520 /* BatteryLevelUITests.swift in Sources */,
			);
			runOnlyForDeploymentPostprocessing = 0;
		};
/* End PBXSourcesBuildPhase section */

/* Begin PBXTargetDependency section */
		3DB9FCB1272009D6003E5520 /* PBXTargetDependency */ = {
			isa = PBXTargetDependency;
			target = 3DB9FC98272009D2003E5520 /* BatteryLevel */;
			targetProxy = 3DB9FCB0272009D6003E5520 /* PBXContainerItemProxy */;
		};
		3DB9FCBC272009D6003E5520 /* PBXTargetDependency */ = {
			isa = PBXTargetDependency;
			target = 3DB9FC98272009D2003E5520 /* BatteryLevel */;
			targetProxy = 3DB9FCBB272009D6003E5520 /* PBXContainerItemProxy */;
		};
/* End PBXTargetDependency section */

/* Begin PBXVariantGroup section */
		3DB9FCA2272009D2003E5520 /* Main.storyboard */ = {
			isa = PBXVariantGroup;
			children = (
				3DB9FCA3272009D2003E5520 /* Base */,
			);
			name = Main.storyboard;
			sourceTree = "<group>";
		};
		3DB9FCA7272009D6003E5520 /* LaunchScreen.storyboard */ = {
			isa = PBXVariantGroup;
			children = (
				3DB9FCA8272009D6003E5520 /* Base */,
			);
			name = LaunchScreen.storyboard;
			sourceTree = "<group>";
		};
/* End PBXVariantGroup section */

/* Begin XCBuildConfiguration section */
		3DB9FCC1272009D6003E5520 /* Debug */ = {
			isa = XCBuildConfiguration;
			buildSettings = {
				ALWAYS_SEARCH_USER_PATHS = NO;
				CLANG_ANALYZER_NONNULL = YES;
				CLANG_ANALYZER_NUMBER_OBJECT_CONVERSION = YES_AGGRESSIVE;
				CLANG_CXX_LANGUAGE_STANDARD = "gnu++14";
				CLANG_CXX_LIBRARY = "libc++";
				CLANG_ENABLE_MODULES = YES;
				CLANG_ENABLE_OBJC_ARC = YES;
				CLANG_ENABLE_OBJC_WEAK = YES;
				CLANG_WARN_BLOCK_CAPTURE_AUTORELEASING = YES;
				CLANG_WARN_BOOL_CONVERSION = YES;
				CLANG_WARN_COMMA = YES;
				CLANG_WARN_CONSTANT_CONVERSION = YES;
				CLANG_WARN_DEPRECATED_OBJC_IMPLEMENTATIONS = YES;
				CLANG_WARN_DIRECT_OBJC_ISA_USAGE = YES_ERROR;
				CLANG_WARN_DOCUMENTATION_COMMENTS = YES;
				CLANG_WARN_EMPTY_BODY = YES;
				CLANG_WARN_ENUM_CONVERSION = YES;
				CLANG_WARN_INFINITE_RECURSION = YES;
				CLANG_WARN_INT_CONVERSION = YES;
				CLANG_WARN_NON_LITERAL_NULL_CONVERSION = YES;
				CLANG_WARN_OBJC_IMPLICIT_RETAIN_SELF = YES;
				CLANG_WARN_OBJC_LITERAL_CONVERSION = YES;
				CLANG_WARN_OBJC_ROOT_CLASS = YES_ERROR;
				CLANG_WARN_QUOTED_INCLUDE_IN_FRAMEWORK_HEADER = YES;
				CLANG_WARN_RANGE_LOOP_ANALYSIS = YES;
				CLANG_WARN_STRICT_PROTOTYPES = YES;
				CLANG_WARN_SUSPICIOUS_MOVE = YES;
				CLANG_WARN_UNGUARDED_AVAILABILITY = YES_AGGRESSIVE;
				CLANG_WARN_UNREACHABLE_CODE = YES;
				CLANG_WARN__DUPLICATE_METHOD_MATCH = YES;
				COPY_PHASE_STRIP = NO;
				DEBUG_INFORMATION_FORMAT = dwarf;
				ENABLE_STRICT_OBJC_MSGSEND = YES;
				ENABLE_TESTABILITY = YES;
				GCC_C_LANGUAGE_STANDARD = gnu11;
				GCC_DYNAMIC_NO_PIC = NO;
				GCC_NO_COMMON_BLOCKS = YES;
				GCC_OPTIMIZATION_LEVEL = 0;
				GCC_PREPROCESSOR_DEFINITIONS = (
					"DEBUG=1",
					"$(inherited)",
				);
				GCC_WARN_64_TO_32_BIT_CONVERSION = YES;
				GCC_WARN_ABOUT_RETURN_TYPE = YES_ERROR;
				GCC_WARN_UNDECLARED_SELECTOR = YES;
				GCC_WARN_UNINITIALIZED_AUTOS = YES_AGGRESSIVE;
				GCC_WARN_UNUSED_FUNCTION = YES;
				GCC_WARN_UNUSED_VARIABLE = YES;
				IPHONEOS_DEPLOYMENT_TARGET = 14.5;
				MTL_ENABLE_DEBUG_INFO = INCLUDE_SOURCE;
				MTL_FAST_MATH = YES;
				ONLY_ACTIVE_ARCH = YES;
				SDKROOT = iphoneos;
				SWIFT_ACTIVE_COMPILATION_CONDITIONS = DEBUG;
				SWIFT_OPTIMIZATION_LEVEL = "-Onone";
			};
			name = Debug;
		};
		3DB9FCC2272009D6003E5520 /* Release */ = {
			isa = XCBuildConfiguration;
			buildSettings = {
				ALWAYS_SEARCH_USER_PATHS = NO;
				CLANG_ANALYZER_NONNULL = YES;
				CLANG_ANALYZER_NUMBER_OBJECT_CONVERSION = YES_AGGRESSIVE;
				CLANG_CXX_LANGUAGE_STANDARD = "gnu++14";
				CLANG_CXX_LIBRARY = "libc++";
				CLANG_ENABLE_MODULES = YES;
				CLANG_ENABLE_OBJC_ARC = YES;
				CLANG_ENABLE_OBJC_WEAK = YES;
				CLANG_WARN_BLOCK_CAPTURE_AUTORELEASING = YES;
				CLANG_WARN_BOOL_CONVERSION = YES;
				CLANG_WARN_COMMA = YES;
				CLANG_WARN_CONSTANT_CONVERSION = YES;
				CLANG_WARN_DEPRECATED_OBJC_IMPLEMENTATIONS = YES;
				CLANG_WARN_DIRECT_OBJC_ISA_USAGE = YES_ERROR;
				CLANG_WARN_DOCUMENTATION_COMMENTS = YES;
				CLANG_WARN_EMPTY_BODY = YES;
				CLANG_WARN_ENUM_CONVERSION = YES;
				CLANG_WARN_INFINITE_RECURSION = YES;
				CLANG_WARN_INT_CONVERSION = YES;
				CLANG_WARN_NON_LITERAL_NULL_CONVERSION = YES;
				CLANG_WARN_OBJC_IMPLICIT_RETAIN_SELF = YES;
				CLANG_WARN_OBJC_LITERAL_CONVERSION = YES;
				CLANG_WARN_OBJC_ROOT_CLASS = YES_ERROR;
				CLANG_WARN_QUOTED_INCLUDE_IN_FRAMEWORK_HEADER = YES;
				CLANG_WARN_RANGE_LOOP_ANALYSIS = YES;
				CLANG_WARN_STRICT_PROTOTYPES = YES;
				CLANG_WARN_SUSPICIOUS_MOVE = YES;
				CLANG_WARN_UNGUARDED_AVAILABILITY = YES_AGGRESSIVE;
				CLANG_WARN_UNREACHABLE_CODE = YES;
				CLANG_WARN__DUPLICATE_METHOD_MATCH = YES;
				COPY_PHASE_STRIP = NO;
				DEBUG_INFORMATION_FORMAT = "dwarf-with-dsym";
				ENABLE_NS_ASSERTIONS = NO;
				ENABLE_STRICT_OBJC_MSGSEND = YES;
				GCC_C_LANGUAGE_STANDARD = gnu11;
				GCC_NO_COMMON_BLOCKS = YES;
				GCC_WARN_64_TO_32_BIT_CONVERSION = YES;
				GCC_WARN_ABOUT_RETURN_TYPE = YES_ERROR;
				GCC_WARN_UNDECLARED_SELECTOR = YES;
				GCC_WARN_UNINITIALIZED_AUTOS = YES_AGGRESSIVE;
				GCC_WARN_UNUSED_FUNCTION = YES;
				GCC_WARN_UNUSED_VARIABLE = YES;
				IPHONEOS_DEPLOYMENT_TARGET = 14.5;
				MTL_ENABLE_DEBUG_INFO = NO;
				MTL_FAST_MATH = YES;
				SDKROOT = iphoneos;
				SWIFT_COMPILATION_MODE = wholemodule;
				SWIFT_OPTIMIZATION_LEVEL = "-O";
				VALIDATE_PRODUCT = YES;
			};
			name = Release;
		};
		3DB9FCC4272009D6003E5520 /* Debug */ = {
			isa = XCBuildConfiguration;
			buildSettings = {
				ASSETCATALOG_COMPILER_APPICON_NAME = AppIcon;
				ASSETCATALOG_COMPILER_GLOBAL_ACCENT_COLOR_NAME = AccentColor;
				CODE_SIGN_STYLE = Automatic;
				DEVELOPMENT_TEAM = W728VZX9Y4;
				INFOPLIST_FILE = BatteryLevel/Info.plist;
				LD_RUNPATH_SEARCH_PATHS = (
					"$(inherited)",
					"@executable_path/Frameworks",
				);
				PRODUCT_BUNDLE_IDENTIFIER = com.noodoe.BatteryLevel;
				PRODUCT_NAME = "$(TARGET_NAME)";
				SWIFT_VERSION = 5.0;
				TARGETED_DEVICE_FAMILY = "1,2";
			};
			name = Debug;
		};
		3DB9FCC5272009D6003E5520 /* Release */ = {
			isa = XCBuildConfiguration;
			buildSettings = {
				ASSETCATALOG_COMPILER_APPICON_NAME = AppIcon;
				ASSETCATALOG_COMPILER_GLOBAL_ACCENT_COLOR_NAME = AccentColor;
				CODE_SIGN_STYLE = Automatic;
				DEVELOPMENT_TEAM = W728VZX9Y4;
				INFOPLIST_FILE = BatteryLevel/Info.plist;
				LD_RUNPATH_SEARCH_PATHS = (
					"$(inherited)",
					"@executable_path/Frameworks",
				);
				PRODUCT_BUNDLE_IDENTIFIER = com.noodoe.BatteryLevel;
				PRODUCT_NAME = "$(TARGET_NAME)";
				SWIFT_VERSION = 5.0;
				TARGETED_DEVICE_FAMILY = "1,2";
			};
			name = Release;
		};
		3DB9FCC7272009D6003E5520 /* Debug */ = {
			isa = XCBuildConfiguration;
			buildSettings = {
				ALWAYS_EMBED_SWIFT_STANDARD_LIBRARIES = YES;
				BUNDLE_LOADER = "$(TEST_HOST)";
				CODE_SIGN_STYLE = Automatic;
				DEVELOPMENT_TEAM = W728VZX9Y4;
				INFOPLIST_FILE = BatteryLevelTests/Info.plist;
				IPHONEOS_DEPLOYMENT_TARGET = 14.5;
				LD_RUNPATH_SEARCH_PATHS = (
					"$(inherited)",
					"@executable_path/Frameworks",
					"@loader_path/Frameworks",
				);
				PRODUCT_BUNDLE_IDENTIFIER = com.noodoe.BatteryLevelTests;
				PRODUCT_NAME = "$(TARGET_NAME)";
				SWIFT_VERSION = 5.0;
				TARGETED_DEVICE_FAMILY = "1,2";
				TEST_HOST = "$(BUILT_PRODUCTS_DIR)/BatteryLevel.app/BatteryLevel";
			};
			name = Debug;
		};
		3DB9FCC8272009D6003E5520 /* Release */ = {
			isa = XCBuildConfiguration;
			buildSettings = {
				ALWAYS_EMBED_SWIFT_STANDARD_LIBRARIES = YES;
				BUNDLE_LOADER = "$(TEST_HOST)";
				CODE_SIGN_STYLE = Automatic;
				DEVELOPMENT_TEAM = W728VZX9Y4;
				INFOPLIST_FILE = BatteryLevelTests/Info.plist;
				IPHONEOS_DEPLOYMENT_TARGET = 14.5;
				LD_RUNPATH_SEARCH_PATHS = (
					"$(inherited)",
					"@executable_path/Frameworks",
					"@loader_path/Frameworks",
				);
				PRODUCT_BUNDLE_IDENTIFIER = com.noodoe.BatteryLevelTests;
				PRODUCT_NAME = "$(TARGET_NAME)";
				SWIFT_VERSION = 5.0;
				TARGETED_DEVICE_FAMILY = "1,2";
				TEST_HOST = "$(BUILT_PRODUCTS_DIR)/BatteryLevel.app/BatteryLevel";
			};
			name = Release;
		};
		3DB9FCCA272009D6003E5520 /* Debug */ = {
			isa = XCBuildConfiguration;
			buildSettings = {
				ALWAYS_EMBED_SWIFT_STANDARD_LIBRARIES = YES;
				CODE_SIGN_STYLE = Automatic;
				DEVELOPMENT_TEAM = W728VZX9Y4;
				INFOPLIST_FILE = BatteryLevelUITests/Info.plist;
				LD_RUNPATH_SEARCH_PATHS = (
					"$(inherited)",
					"@executable_path/Frameworks",
					"@loader_path/Frameworks",
				);
				PRODUCT_BUNDLE_IDENTIFIER = com.noodoe.BatteryLevelUITests;
				PRODUCT_NAME = "$(TARGET_NAME)";
				SWIFT_VERSION = 5.0;
				TARGETED_DEVICE_FAMILY = "1,2";
				TEST_TARGET_NAME = BatteryLevel;
			};
			name = Debug;
		};
		3DB9FCCB272009D6003E5520 /* Release */ = {
			isa = XCBuildConfiguration;
			buildSettings = {
				ALWAYS_EMBED_SWIFT_STANDARD_LIBRARIES = YES;
				CODE_SIGN_STYLE = Automatic;
				DEVELOPMENT_TEAM = W728VZX9Y4;
				INFOPLIST_FILE = BatteryLevelUITests/Info.plist;
				LD_RUNPATH_SEARCH_PATHS = (
					"$(inherited)",
					"@executable_path/Frameworks",
					"@loader_path/Frameworks",
				);
				PRODUCT_BUNDLE_IDENTIFIER = com.noodoe.BatteryLevelUITests;
				PRODUCT_NAME = "$(TARGET_NAME)";
				SWIFT_VERSION = 5.0;
				TARGETED_DEVICE_FAMILY = "1,2";
				TEST_TARGET_NAME = BatteryLevel;
			};
			name = Release;
		};
/* End XCBuildConfiguration section */

/* Begin XCConfigurationList section */
		3DB9FC94272009D2003E5520 /* Build configuration list for PBXProject "BatteryLevel" */ = {
			isa = XCConfigurationList;
			buildConfigurations = (
				3DB9FCC1272009D6003E5520 /* Debug */,
				3DB9FCC2272009D6003E5520 /* Release */,
			);
			defaultConfigurationIsVisible = 0;
			defaultConfigurationName = Release;
		};
		3DB9FCC3272009D6003E5520 /* Build configuration list for PBXNativeTarget "BatteryLevel" */ = {
			isa = XCConfigurationList;
			buildConfigurations = (
				3DB9FCC4272009D6003E5520 /* Debug */,
				3DB9FCC5272009D6003E5520 /* Release */,
			);
			defaultConfigurationIsVisible = 0;
			defaultConfigurationName = Release;
		};
		3DB9FCC6272009D6003E5520 /* Build configuration list for PBXNativeTarget "BatteryLevelTests" */ = {
			isa = XCConfigurationList;
			buildConfigurations = (
				3DB9FCC7272009D6003E5520 /* Debug */,
				3DB9FCC8272009D6003E5520 /* Release */,
			);
			defaultConfigurationIsVisible = 0;
			defaultConfigurationName = Release;
		};
		3DB9FCC9272009D6003E5520 /* Build configuration list for PBXNativeTarget "BatteryLevelUITests" */ = {
			isa = XCConfigurationList;
			buildConfigurations = (
				3DB9FCCA272009D6003E5520 /* Debug */,
				3DB9FCCB272009D6003E5520 /* Release */,
			);
			defaultConfigurationIsVisible = 0;
			defaultConfigurationName = Release;
		};
/* End XCConfigurationList section */
	};
	rootObject = 3DB9FC91272009D2003E5520 /* Project object */;
}
